// !$*UTF8*$!
{
	archiveVersion = 1;
	classes = {
	};
	objectVersion = 56;
	objects = {

/* Begin PBXBuildFile section */
		8FC3B7B32C28623F0064ABC6 /* AppDelegate.swift in Sources */ = {isa = PBXBuildFile; fileRef = 8FC3B7B22C28623F0064ABC6 /* AppDelegate.swift */; };
		8FC3B7B52C28623F0064ABC6 /* SceneDelegate.swift in Sources */ = {isa = PBXBuildFile; fileRef = 8FC3B7B42C28623F0064ABC6 /* SceneDelegate.swift */; };
		8FC3B7B72C28623F0064ABC6 /* ViewController.swift in Sources */ = {isa = PBXBuildFile; fileRef = 8FC3B7B62C28623F0064ABC6 /* ViewController.swift */; };
		8FC3B7BA2C28623F0064ABC6 /* Base in Resources */ = {isa = PBXBuildFile; fileRef = 8FC3B7B92C28623F0064ABC6 /* Base */; };
		8FC3B7BC2C2862410064ABC6 /* Assets.xcassets in Resources */ = {isa = PBXBuildFile; fileRef = 8FC3B7BB2C2862410064ABC6 /* Assets.xcassets */; };
		8FC3B7BF2C2862410064ABC6 /* Base in Resources */ = {isa = PBXBuildFile; fileRef = 8FC3B7BE2C2862410064ABC6 /* Base */; };
		8FC3B7C72C2862690064ABC6 /* Book.swift in Sources */ = {isa = PBXBuildFile; fileRef = 8FC3B7C62C2862690064ABC6 /* Book.swift */; };
		8FC3B7C92C28628C0064ABC6 /* LibraryData.swift in Sources */ = {isa = PBXBuildFile; fileRef = 8FC3B7C82C28628C0064ABC6 /* LibraryData.swift */; };
/* End PBXBuildFile section */

/* Begin PBXFileReference section */
		8FC3B7AF2C28623F0064ABC6 /* SwiftDataCrudApp.app */ = {isa = PBXFileReference; explicitFileType = wrapper.application; includeInIndex = 0; path = SwiftDataCrudApp.app; sourceTree = BUILT_PRODUCTS_DIR; };
		8FC3B7B22C28623F0064ABC6 /* AppDelegate.swift */ = {isa = PBXFileReference; lastKnownFileType = sourcecode.swift; path = AppDelegate.swift; sourceTree = "<group>"; };
		8FC3B7B42C28623F0064ABC6 /* SceneDelegate.swift */ = {isa = PBXFileReference; lastKnownFileType = sourcecode.swift; path = SceneDelegate.swift; sourceTree = "<group>"; };
		8FC3B7B62C28623F0064ABC6 /* ViewController.swift */ = {isa = PBXFileReference; lastKnownFileType = sourcecode.swift; path = ViewController.swift; sourceTree = "<group>"; };
		8FC3B7B92C28623F0064ABC6 /* Base */ = {isa = PBXFileReference; lastKnownFileType = file.storyboard; name = Base; path = Base.lproj/Main.storyboard; sourceTree = "<group>"; };
		8FC3B7BB2C2862410064ABC6 /* Assets.xcassets */ = {isa = PBXFileReference; lastKnownFileType = folder.assetcatalog; path = Assets.xcassets; sourceTree = "<group>"; };
		8FC3B7BE2C2862410064ABC6 /* Base */ = {isa = PBXFileReference; lastKnownFileType = file.storyboard; name = Base; path = Base.lproj/LaunchScreen.storyboard; sourceTree = "<group>"; };
		8FC3B7C02C2862410064ABC6 /* Info.plist */ = {isa = PBXFileReference; lastKnownFileType = text.plist.xml; path = Info.plist; sourceTree = "<group>"; };
		8FC3B7C62C2862690064ABC6 /* Book.swift */ = {isa = PBXFileReference; lastKnownFileType = sourcecode.swift; path = Book.swift; sourceTree = "<group>"; };
		8FC3B7C82C28628C0064ABC6 /* LibraryData.swift */ = {isa = PBXFileReference; lastKnownFileType = sourcecode.swift; path = LibraryData.swift; sourceTree = "<group>"; };
/* End PBXFileReference section */

/* Begin PBXFrameworksBuildPhase section */
		8FC3B7AC2C28623F0064ABC6 /* Frameworks */ = {
			isa = PBXFrameworksBuildPhase;
			buildActionMask = 2147483647;
			files = (
			);
			runOnlyForDeploymentPostprocessing = 0;
		};
/* End PBXFrameworksBuildPhase section */

/* Begin PBXGroup section */
		8FC3B7A62C28623F0064ABC6 = {
			isa = PBXGroup;
			children = (
				8FC3B7B12C28623F0064ABC6 /* SwiftDataCrudApp */,
				8FC3B7B02C28623F0064ABC6 /* Products */,
			);
			sourceTree = "<group>";
		};
		8FC3B7B02C28623F0064ABC6 /* Products */ = {
			isa = PBXGroup;
			children = (
				8FC3B7AF2C28623F0064ABC6 /* SwiftDataCrudApp.app */,
			);
			name = Products;
			sourceTree = "<group>";
		};
		8FC3B7B12C28623F0064ABC6 /* SwiftDataCrudApp */ = {
			isa = PBXGroup;
			children = (
				8FC3B7B22C28623F0064ABC6 /* AppDelegate.swift */,
				8FC3B7B42C28623F0064ABC6 /* SceneDelegate.swift */,
				8FC3B7B62C28623F0064ABC6 /* ViewController.swift */,
				8FC3B7B82C28623F0064ABC6 /* Main.storyboard */,
				8FC3B7BB2C2862410064ABC6 /* Assets.xcassets */,
				8FC3B7BD2C2862410064ABC6 /* LaunchScreen.storyboard */,
				8FC3B7C02C2862410064ABC6 /* Info.plist */,
				8FC3B7C62C2862690064ABC6 /* Book.swift */,
				8FC3B7C82C28628C0064ABC6 /* LibraryData.swift */,
			);
			path = SwiftDataCrudApp;
			sourceTree = "<group>";
		};
/* End PBXGroup section */

/* Begin PBXNativeTarget section */
		8FC3B7AE2C28623F0064ABC6 /* SwiftDataCrudApp */ = {
			isa = PBXNativeTarget;
			buildConfigurationList = 8FC3B7C32C2862410064ABC6 /* Build configuration list for PBXNativeTarget "SwiftDataCrudApp" */;
			buildPhases = (
				8FC3B7AB2C28623F0064ABC6 /* Sources */,
				8FC3B7AC2C28623F0064ABC6 /* Frameworks */,
				8FC3B7AD2C28623F0064ABC6 /* Resources */,
			);
			buildRules = (
			);
			dependencies = (
			);
			name = SwiftDataCrudApp;
			productName = SwiftDataCrudApp;
			productReference = 8FC3B7AF2C28623F0064ABC6 /* SwiftDataCrudApp.app */;
			productType = "com.apple.product-type.application";
		};
/* End PBXNativeTarget section */

/* Begin PBXProject section */
		8FC3B7A72C28623F0064ABC6 /* Project object */ = {
			isa = PBXProject;
			attributes = {
				BuildIndependentTargetsInParallel = 1;
				LastSwiftUpdateCheck = 1540;
				LastUpgradeCheck = 1540;
				TargetAttributes = {
					8FC3B7AE2C28623F0064ABC6 = {
						CreatedOnToolsVersion = 15.4;
					};
				};
			};
			buildConfigurationList = 8FC3B7AA2C28623F0064ABC6 /* Build configuration list for PBXProject "SwiftDataCrudApp" */;
			compatibilityVersion = "Xcode 14.0";
			developmentRegion = en;
			hasScannedForEncodings = 0;
			knownRegions = (
				en,
				Base,
			);
			mainGroup = 8FC3B7A62C28623F0064ABC6;
			productRefGroup = 8FC3B7B02C28623F0064ABC6 /* Products */;
			projectDirPath = "";
			projectRoot = "";
			targets = (
				8FC3B7AE2C28623F0064ABC6 /* SwiftDataCrudApp */,
			);
		};
/* End PBXProject section */

/* Begin PBXResourcesBuildPhase section */
		8FC3B7AD2C28623F0064ABC6 /* Resources */ = {
			isa = PBXResourcesBuildPhase;
			buildActionMask = 2147483647;
			files = (
				8FC3B7BC2C2862410064ABC6 /* Assets.xcassets in Resources */,
				8FC3B7BF2C2862410064ABC6 /* Base in Resources */,
				8FC3B7BA2C28623F0064ABC6 /* Base in Resources */,
			);
			runOnlyForDeploymentPostprocessing = 0;
		};
/* End PBXResourcesBuildPhase section */

/* Begin PBXSourcesBuildPhase section */
		8FC3B7AB2C28623F0064ABC6 /* Sources */ = {
			isa = PBXSourcesBuildPhase;
			buildActionMask = 2147483647;
			files = (
				8FC3B7C72C2862690064ABC6 /* Book.swift in Sources */,
				8FC3B7B72C28623F0064ABC6 /* ViewController.swift in Sources */,
				8FC3B7B32C28623F0064ABC6 /* AppDelegate.swift in Sources */,
				8FC3B7B52C28623F0064ABC6 /* SceneDelegate.swift in Sources */,
				8FC3B7C92C28628C0064ABC6 /* LibraryData.swift in Sources */,
			);
			runOnlyForDeploymentPostprocessing = 0;
		};
/* End PBXSourcesBuildPhase section */

/* Begin PBXVariantGroup section */
		8FC3B7B82C28623F0064ABC6 /* Main.storyboard */ = {
			isa = PBXVariantGroup;
			children = (
				8FC3B7B92C28623F0064ABC6 /* Base */,
			);
			name = Main.storyboard;
			sourceTree = "<group>";
		};
		8FC3B7BD2C2862410064ABC6 /* LaunchScreen.storyboard */ = {
			isa = PBXVariantGroup;
			children = (
				8FC3B7BE2C2862410064ABC6 /* Base */,
			);
			name = LaunchScreen.storyboard;
			sourceTree = "<group>";
		};
/* End PBXVariantGroup section */

/* Begin XCBuildConfiguration section */
		8FC3B7C12C2862410064ABC6 /* Debug */ = {
			isa = XCBuildConfiguration;
			buildSettings = {
				ALWAYS_SEARCH_USER_PATHS = NO;
				ASSETCATALOG_COMPILER_GENERATE_SWIFT_ASSET_SYMBOL_EXTENSIONS = YES;
				CLANG_ANALYZER_NONNULL = YES;
				CLANG_ANALYZER_NUMBER_OBJECT_CONVERSION = YES_AGGRESSIVE;
				CLANG_CXX_LANGUAGE_STANDARD = "gnu++20";
				CLANG_ENABLE_MODULES = YES;
				CLANG_ENABLE_OBJC_ARC = YES;
				CLANG_ENABLE_OBJC_WEAK = YES;
				CLANG_WARN_BLOCK_CAPTURE_AUTORELEASING = YES;
				CLANG_WARN_BOOL_CONVERSION = YES;
				CLANG_WARN_COMMA = YES;
				CLANG_WARN_CONSTANT_CONVERSION = YES;
				CLANG_WARN_DEPRECATED_OBJC_IMPLEMENTATIONS = YES;
				CLANG_WARN_DIRECT_OBJC_ISA_USAGE = YES_ERROR;
				CLANG_WARN_DOCUMENTATION_COMMENTS = YES;
				CLANG_WARN_EMPTY_BODY = YES;
				CLANG_WARN_ENUM_CONVERSION = YES;
				CLANG_WARN_INFINITE_RECURSION = YES;
				CLANG_WARN_INT_CONVERSION = YES;
				CLANG_WARN_NON_LITERAL_NULL_CONVERSION = YES;
				CLANG_WARN_OBJC_IMPLICIT_RETAIN_SELF = YES;
				CLANG_WARN_OBJC_LITERAL_CONVERSION = YES;
				CLANG_WARN_OBJC_ROOT_CLASS = YES_ERROR;
				CLANG_WARN_QUOTED_INCLUDE_IN_FRAMEWORK_HEADER = YES;
				CLANG_WARN_RANGE_LOOP_ANALYSIS = YES;
				CLANG_WARN_STRICT_PROTOTYPES = YES;
				CLANG_WARN_SUSPICIOUS_MOVE = YES;
				CLANG_WARN_UNGUARDED_AVAILABILITY = YES_AGGRESSIVE;
				CLANG_WARN_UNREACHABLE_CODE = YES;
				CLANG_WARN__DUPLICATE_METHOD_MATCH = YES;
				COPY_PHASE_STRIP = NO;
				DEBUG_INFORMATION_FORMAT = dwarf;
				ENABLE_STRICT_OBJC_MSGSEND = YES;
				ENABLE_TESTABILITY = YES;
				ENABLE_USER_SCRIPT_SANDBOXING = YES;
				GCC_C_LANGUAGE_STANDARD = gnu17;
				GCC_DYNAMIC_NO_PIC = NO;
				GCC_NO_COMMON_BLOCKS = YES;
				GCC_OPTIMIZATION_LEVEL = 0;
				GCC_PREPROCESSOR_DEFINITIONS = (
					"DEBUG=1",
					"$(inherited)",
				);
				GCC_WARN_64_TO_32_BIT_CONVERSION = YES;
				GCC_WARN_ABOUT_RETURN_TYPE = YES_ERROR;
				GCC_WARN_UNDECLARED_SELECTOR = YES;
				GCC_WARN_UNINITIALIZED_AUTOS = YES_AGGRESSIVE;
				GCC_WARN_UNUSED_FUNCTION = YES;
				GCC_WARN_UNUSED_VARIABLE = YES;
				IPHONEOS_DEPLOYMENT_TARGET = 17.5;
				LOCALIZATION_PREFERS_STRING_CATALOGS = YES;
				MTL_ENABLE_DEBUG_INFO = INCLUDE_SOURCE;
				MTL_FAST_MATH = YES;
				ONLY_ACTIVE_ARCH = YES;
				SDKROOT = iphoneos;
				SWIFT_ACTIVE_COMPILATION_CONDITIONS = "DEBUG $(inherited)";
				SWIFT_OPTIMIZATION_LEVEL = "-Onone";
			};
			name = Debug;
		};
		8FC3B7C22C2862410064ABC6 /* Release */ = {
			isa = XCBuildConfiguration;
			buildSettings = {
				ALWAYS_SEARCH_USER_PATHS = NO;
				ASSETCATALOG_COMPILER_GENERATE_SWIFT_ASSET_SYMBOL_EXTENSIONS = YES;
				CLANG_ANALYZER_NONNULL = YES;
				CLANG_ANALYZER_NUMBER_OBJECT_CONVERSION = YES_AGGRESSIVE;
				CLANG_CXX_LANGUAGE_STANDARD = "gnu++20";
				CLANG_ENABLE_MODULES = YES;
				CLANG_ENABLE_OBJC_ARC = YES;
				CLANG_ENABLE_OBJC_WEAK = YES;
				CLANG_WARN_BLOCK_CAPTURE_AUTORELEASING = YES;
				CLANG_WARN_BOOL_CONVERSION = YES;
				CLANG_WARN_COMMA = YES;
				CLANG_WARN_CONSTANT_CONVERSION = YES;
				CLANG_WARN_DEPRECATED_OBJC_IMPLEMENTATIONS = YES;
				CLANG_WARN_DIRECT_OBJC_ISA_USAGE = YES_ERROR;
				CLANG_WARN_DOCUMENTATION_COMMENTS = YES;
				CLANG_WARN_EMPTY_BODY = YES;
				CLANG_WARN_ENUM_CONVERSION = YES;
				CLANG_WARN_INFINITE_RECURSION = YES;
				CLANG_WARN_INT_CONVERSION = YES;
				CLANG_WARN_NON_LITERAL_NULL_CONVERSION = YES;
				CLANG_WARN_OBJC_IMPLICIT_RETAIN_SELF = YES;
				CLANG_WARN_OBJC_LITERAL_CONVERSION = YES;
				CLANG_WARN_OBJC_ROOT_CLASS = YES_ERROR;
				CLANG_WARN_QUOTED_INCLUDE_IN_FRAMEWORK_HEADER = YES;
				CLANG_WARN_RANGE_LOOP_ANALYSIS = YES;
				CLANG_WARN_STRICT_PROTOTYPES = YES;
				CLANG_WARN_SUSPICIOUS_MOVE = YES;
				CLANG_WARN_UNGUARDED_AVAILABILITY = YES_AGGRESSIVE;
				CLANG_WARN_UNREACHABLE_CODE = YES;
				CLANG_WARN__DUPLICATE_METHOD_MATCH = YES;
				COPY_PHASE_STRIP = NO;
				DEBUG_INFORMATION_FORMAT = "dwarf-with-dsym";
				ENABLE_NS_ASSERTIONS = NO;
				ENABLE_STRICT_OBJC_MSGSEND = YES;
				ENABLE_USER_SCRIPT_SANDBOXING = YES;
				GCC_C_LANGUAGE_STANDARD = gnu17;
				GCC_NO_COMMON_BLOCKS = YES;
				GCC_WARN_64_TO_32_BIT_CONVERSION = YES;
				GCC_WARN_ABOUT_RETURN_TYPE = YES_ERROR;
				GCC_WARN_UNDECLARED_SELECTOR = YES;
				GCC_WARN_UNINITIALIZED_AUTOS = YES_AGGRESSIVE;
				GCC_WARN_UNUSED_FUNCTION = YES;
				GCC_WARN_UNUSED_VARIABLE = YES;
				IPHONEOS_DEPLOYMENT_TARGET = 17.5;
				LOCALIZATION_PREFERS_STRING_CATALOGS = YES;
				MTL_ENABLE_DEBUG_INFO = NO;
				MTL_FAST_MATH = YES;
				SDKROOT = iphoneos;
				SWIFT_COMPILATION_MODE = wholemodule;
				VALIDATE_PRODUCT = YES;
			};
			name = Release;
		};
		8FC3B7C42C2862410064ABC6 /* Debug */ = {
			isa = XCBuildConfiguration;
			buildSettings = {
				ASSETCATALOG_COMPILER_APPICON_NAME = AppIcon;
				ASSETCATALOG_COMPILER_GLOBAL_ACCENT_COLOR_NAME = AccentColor;
				CODE_SIGN_STYLE = Automatic;
				CURRENT_PROJECT_VERSION = 1;
				DEVELOPMENT_TEAM = 5U46FZG5K9;
				GENERATE_INFOPLIST_FILE = YES;
				INFOPLIST_FILE = SwiftDataCrudApp/Info.plist;
				INFOPLIST_KEY_UIApplicationSupportsIndirectInputEvents = YES;
				INFOPLIST_KEY_UILaunchStoryboardName = LaunchScreen;
				INFOPLIST_KEY_UIMainStoryboardFile = Main;
				INFOPLIST_KEY_UISupportedInterfaceOrientations_iPad = "UIInterfaceOrientationPortrait UIInterfaceOrientationPortraitUpsideDown UIInterfaceOrientationLandscapeLeft UIInterfaceOrientationLandscapeRight";
				INFOPLIST_KEY_UISupportedInterfaceOrientations_iPhone = "UIInterfaceOrientationPortrait UIInterfaceOrientationLandscapeLeft UIInterfaceOrientationLandscapeRight";
				LD_RUNPATH_SEARCH_PATHS = (
					"$(inherited)",
					"@executable_path/Frameworks",
				);
				MARKETING_VERSION = 1.0;
				PRODUCT_BUNDLE_IDENTIFIER = com.gamzeakyuz.SwiftDataCrudApp;
				PRODUCT_NAME = "$(TARGET_NAME)";
				SWIFT_EMIT_LOC_STRINGS = YES;
				SWIFT_VERSION = 5.0;
				TARGETED_DEVICE_FAMILY = "1,2";
			};
			name = Debug;
		};
		8FC3B7C52C2862410064ABC6 /* Release */ = {
			isa = XCBuildConfiguration;
			buildSettings = {
				ASSETCATALOG_COMPILER_APPICON_NAME = AppIcon;
				ASSETCATALOG_COMPILER_GLOBAL_ACCENT_COLOR_NAME = AccentColor;
				CODE_SIGN_STYLE = Automatic;
				CURRENT_PROJECT_VERSION = 1;
				DEVELOPMENT_TEAM = 5U46FZG5K9;
				GENERATE_INFOPLIST_FILE = YES;
				INFOPLIST_FILE = SwiftDataCrudApp/Info.plist;
				INFOPLIST_KEY_UIApplicationSupportsIndirectInputEvents = YES;
				INFOPLIST_KEY_UILaunchStoryboardName = LaunchScreen;
				INFOPLIST_KEY_UIMainStoryboardFile = Main;
				INFOPLIST_KEY_UISupportedInterfaceOrientations_iPad = "UIInterfaceOrientationPortrait UIInterfaceOrientationPortraitUpsideDown UIInterfaceOrientationLandscapeLeft UIInterfaceOrientationLandscapeRight";
				INFOPLIST_KEY_UISupportedInterfaceOrientations_iPhone = "UIInterfaceOrientationPortrait UIInterfaceOrientationLandscapeLeft UIInterfaceOrientationLandscapeRight";
				LD_RUNPATH_SEARCH_PATHS = (
					"$(inherited)",
					"@executable_path/Frameworks",
				);
				MARKETING_VERSION = 1.0;
				PRODUCT_BUNDLE_IDENTIFIER = com.gamzeakyuz.SwiftDataCrudApp;
				PRODUCT_NAME = "$(TARGET_NAME)";
				SWIFT_EMIT_LOC_STRINGS = YES;
				SWIFT_VERSION = 5.0;
				TARGETED_DEVICE_FAMILY = "1,2";
			};
			name = Release;
		};
/* End XCBuildConfiguration section */

/* Begin XCConfigurationList section */
		8FC3B7AA2C28623F0064ABC6 /* Build configuration list for PBXProject "SwiftDataCrudApp" */ = {
			isa = XCConfigurationList;
			buildConfigurations = (
				8FC3B7C12C2862410064ABC6 /* Debug */,
				8FC3B7C22C2862410064ABC6 /* Release */,
			);
			defaultConfigurationIsVisible = 0;
			defaultConfigurationName = Release;
		};
		8FC3B7C32C2862410064ABC6 /* Build configuration list for PBXNativeTarget "SwiftDataCrudApp" */ = {
			isa = XCConfigurationList;
			buildConfigurations = (
				8FC3B7C42C2862410064ABC6 /* Debug */,
				8FC3B7C52C2862410064ABC6 /* Release */,
			);
			defaultConfigurationIsVisible = 0;
			defaultConfigurationName = Release;
		};
/* End XCConfigurationList section */
	};
	rootObject = 8FC3B7A72C28623F0064ABC6 /* Project object */;
}
